<?xml version="1.0" encoding="utf-8"?>
<Project ToolsVersion="4.0" xmlns="http://schemas.microsoft.com/developer/msbuild/2003">
  <ItemGroup>
    <Filter Include="头文件">
      <UniqueIdentifier>{93995380-89BD-4b04-88EB-625FBE52EBFB}</UniqueIdentifier>
      <Extensions>h;hh;hpp;hxx;hm;inl;inc;ipp;xsd</Extensions>
    </Filter>
    <Filter Include="剑指offer">
      <UniqueIdentifier>{8e691be6-fd2b-4387-a163-b16166d8b9ef}</UniqueIdentifier>
    </Filter>
  </ItemGroup>
  <ItemGroup>
    <ClInclude Include="m_03.h">
      <Filter>头文件</Filter>
    </ClInclude>
    <ClInclude Include="m_04.h">
      <Filter>头文件</Filter>
    </ClInclude>
    <ClInclude Include="m_06.h">
      <Filter>头文件</Filter>
    </ClInclude>
    <ClInclude Include="m_07.h">
      <Filter>头文件</Filter>
    </ClInclude>
    <ClInclude Include="m_11.h">
      <Filter>头文件</Filter>
    </ClInclude>
    <ClInclude Include="m_12.h">
      <Filter>头文件</Filter>
    </ClInclude>
    <ClInclude Include="m_13.h">
      <Filter>头文件</Filter>
    </ClInclude>
    <ClInclude Include="m_14.h">
      <Filter>头文件</Filter>
    </ClInclude>
    <ClInclude Include="m_15.h">
      <Filter>头文件</Filter>
    </ClInclude>
    <ClInclude Include="m_16.h">
      <Filter>头文件</Filter>
    </ClInclude>
    <ClInclude Include="m_17.h">
      <Filter>头文件</Filter>
    </ClInclude>
    <ClInclude Include="m_18.h">
      <Filter>头文件</Filter>
    </ClInclude>
    <ClInclude Include="m_20.h">
      <Filter>头文件</Filter>
    </ClInclude>
    <ClInclude Include="m_36.h">
      <Filter>头文件</Filter>
    </ClInclude>
    <ClInclude Include="m_38.h">
      <Filter>头文件</Filter>
    </ClInclude>
    <ClInclude Include="m_39.h">
      <Filter>头文件</Filter>
    </ClInclude>
    <ClInclude Include="m_43.h">
      <Filter>头文件</Filter>
    </ClInclude>
    <ClInclude Include="m_51.h">
      <Filter>头文件</Filter>
    </ClInclude>
    <ClInclude Include="判断一颗树是否是平衡二叉树.h">
      <Filter>头文件</Filter>
    </ClInclude>
    <ClInclude Include="m_53.h">
      <Filter>头文件</Filter>
    </ClInclude>
    <ClInclude Include="将字符串转换为数字.h">
      <Filter>头文件</Filter>
    </ClInclude>
    <ClInclude Include="数组中出现两个出现1次的数.h">
      <Filter>头文件</Filter>
    </ClInclude>
  </ItemGroup>
  <ItemGroup>
    <ClCompile Include="剑指offer\4.二维数组的查找.cpp">
      <Filter>剑指offer</Filter>
    </ClCompile>
    <ClCompile Include="剑指offer\5.替换空格.cpp">
      <Filter>剑指offer</Filter>
    </ClCompile>
    <ClCompile Include="剑指offer\6.从尾到头打印链表.cpp">
      <Filter>剑指offer</Filter>
    </ClCompile>
    <ClCompile Include="剑指offer\7.重建二叉树.cpp">
      <Filter>剑指offer</Filter>
    </ClCompile>
    <ClCompile Include="剑指offer\9.用两个栈来实现一个队列.cpp">
      <Filter>剑指offer</Filter>
    </ClCompile>
    <ClCompile Include="剑指offer\11旋转数字最小的数字.cpp">
      <Filter>剑指offer</Filter>
    </ClCompile>
    <ClCompile Include="剑指offer\10.斐波那契数列.cpp">
      <Filter>剑指offer</Filter>
    </ClCompile>
    <ClCompile Include="剑指offer\10.2.青蛙跳n级台阶.cpp">
      <Filter>剑指offer</Filter>
    </ClCompile>
    <ClCompile Include="剑指offer\10.3.矩形覆盖.cpp">
      <Filter>剑指offer</Filter>
    </ClCompile>
    <ClCompile Include="剑指offer\15.二进制中1的个数.cpp">
      <Filter>剑指offer</Filter>
    </ClCompile>
    <ClCompile Include="剑指offer\16.数值的整数次方.cpp">
      <Filter>剑指offer</Filter>
    </ClCompile>
    <ClCompile Include="剑指offer\21.调整数组顺序使奇数位于偶数前面.cpp">
      <Filter>剑指offer</Filter>
    </ClCompile>
    <ClCompile Include="剑指offer\22.链表的倒数第k个节点.cpp">
      <Filter>剑指offer</Filter>
    </ClCompile>
    <ClCompile Include="剑指offer\24.反转链表.cpp">
      <Filter>剑指offer</Filter>
    </ClCompile>
    <ClCompile Include="剑指offer\25.合并两个排序的链表.cpp">
      <Filter>剑指offer</Filter>
    </ClCompile>
    <ClCompile Include="剑指offer\26.树的子结构.cpp">
      <Filter>剑指offer</Filter>
    </ClCompile>
    <ClCompile Include="剑指offer\27.二叉树的镜像.cpp">
      <Filter>剑指offer</Filter>
    </ClCompile>
    <ClCompile Include="剑指offer\29.顺时针打印矩阵.cpp">
      <Filter>剑指offer</Filter>
    </ClCompile>
    <ClCompile Include="剑指offer\30.包含min函数的栈.cpp">
      <Filter>剑指offer</Filter>
    </ClCompile>
    <ClCompile Include="剑指offer\31.栈的压入弹出顺序-hard.cpp">
      <Filter>剑指offer</Filter>
    </ClCompile>
    <ClCompile Include="剑指offer\32.从上到下打印二叉树.cpp">
      <Filter>剑指offer</Filter>
    </ClCompile>
    <ClCompile Include="剑指offer\33.二叉树的后序遍历序列-hard.cpp">
      <Filter>剑指offer</Filter>
    </ClCompile>
    <ClCompile Include="剑指offer\34.二叉树的和为某一值的路径-hard.cpp">
      <Filter>剑指offer</Filter>
    </ClCompile>
    <ClCompile Include="剑指offer\35.复杂链表的复制-hard.cpp">
      <Filter>剑指offer</Filter>
    </ClCompile>
  </ItemGroup>
  <ItemGroup>
    <None Include="剑指offer\10.1.青蛙跳台阶.cpp">
      <Filter>剑指offer</Filter>
    </None>
  </ItemGroup>
</Project>