<?xml version="1.0" encoding="utf-8"?>
<Project ToolsVersion="4.0" xmlns="http://schemas.microsoft.com/developer/msbuild/2003">
  <ItemGroup>
    <Filter Include="剑指offer">
      <UniqueIdentifier>{8e691be6-fd2b-4387-a163-b16166d8b9ef}</UniqueIdentifier>
    </Filter>
    <Filter Include="剑指offer\递归">
      <UniqueIdentifier>{700cf12b-60c6-40ff-a56b-f500e88b0647}</UniqueIdentifier>
    </Filter>
    <Filter Include="剑指offer\动态规划">
      <UniqueIdentifier>{b7f5ccac-04df-4036-b9b2-6cd8e16c6fb8}</UniqueIdentifier>
    </Filter>
    <Filter Include="剑指offer\二叉树">
      <UniqueIdentifier>{e54283e8-1d4a-449a-bc39-8c1b3e327f62}</UniqueIdentifier>
    </Filter>
    <Filter Include="剑指offer\堆排序问题">
      <UniqueIdentifier>{5e4e032e-3058-410a-9546-0728dcae2178}</UniqueIdentifier>
    </Filter>
    <Filter Include="剑指offer\链表">
      <UniqueIdentifier>{60b5bb0a-0b36-446e-8608-a51967e372ea}</UniqueIdentifier>
    </Filter>
    <Filter Include="剑指offer\字符串">
      <UniqueIdentifier>{a17ae7bf-bdfc-47a8-8d92-1ce90e08b4df}</UniqueIdentifier>
    </Filter>
    <Filter Include="剑指offer\贪心">
      <UniqueIdentifier>{7257fb90-a002-453c-854f-9e2f3b9a6b40}</UniqueIdentifier>
    </Filter>
    <Filter Include="剑指offer\搜索问题">
      <UniqueIdentifier>{c5a3a166-f3be-4e3f-b0c8-2b1e0bbc26d9}</UniqueIdentifier>
    </Filter>
    <Filter Include="剑指offer\数组问题">
      <UniqueIdentifier>{8e3f605e-0de1-4ce4-8d72-45b4aa8d8485}</UniqueIdentifier>
    </Filter>
    <Filter Include="剑指offer\双指针问题">
      <UniqueIdentifier>{4c04b942-d492-41fe-a7f4-5cfebd4e514a}</UniqueIdentifier>
    </Filter>
    <Filter Include="剑指offer\数学题">
      <UniqueIdentifier>{8251a1d4-b786-41e7-abbd-741f6eca97dc}</UniqueIdentifier>
    </Filter>
    <Filter Include="剑指offer\数字题">
      <UniqueIdentifier>{f2a62bcb-217e-49d5-a26b-09630c52152e}</UniqueIdentifier>
    </Filter>
    <Filter Include="剑指offer\队列和栈">
      <UniqueIdentifier>{0d0c8b58-7007-4cd9-a198-2dd5150a10c6}</UniqueIdentifier>
    </Filter>
  </ItemGroup>
  <ItemGroup>
    <ClCompile Include="剑指offer\队列和栈\9.用两个栈来实现一个队列.cpp">
      <Filter>剑指offer\队列和栈</Filter>
    </ClCompile>
    <ClCompile Include="剑指offer\队列和栈\30.包含min函数的栈.cpp">
      <Filter>剑指offer\队列和栈</Filter>
    </ClCompile>
    <ClCompile Include="剑指offer\队列和栈\31.栈的压入弹出顺序-hard.cpp">
      <Filter>剑指offer\队列和栈</Filter>
    </ClCompile>
    <ClCompile Include="剑指offer\队列和栈\59.队列的最大值-hard.cpp">
      <Filter>剑指offer\队列和栈</Filter>
    </ClCompile>
    <ClCompile Include="剑指offer\数字题\15.二进制中1的个数.cpp">
      <Filter>剑指offer\数字题</Filter>
    </ClCompile>
    <ClCompile Include="剑指offer\数字题\16.数值的整数次方.cpp">
      <Filter>剑指offer\数字题</Filter>
    </ClCompile>
    <ClCompile Include="剑指offer\数字题\44.数字序列中某一位的数字.cpp">
      <Filter>剑指offer\数字题</Filter>
    </ClCompile>
    <ClCompile Include="剑指offer\数学题\10.2.青蛙跳n级台阶.cpp">
      <Filter>剑指offer\数学题</Filter>
    </ClCompile>
    <ClCompile Include="剑指offer\数学题\17.打印从1到最大的n位数.cpp">
      <Filter>剑指offer\数学题</Filter>
    </ClCompile>
    <ClCompile Include="剑指offer\数学题\49.丑数-hard.cpp">
      <Filter>剑指offer\数学题</Filter>
    </ClCompile>
    <ClCompile Include="剑指offer\数学题\60.n个骰子的点数.cpp">
      <Filter>剑指offer\数学题</Filter>
    </ClCompile>
    <ClCompile Include="剑指offer\数学题\61.扑克牌顺子.cpp">
      <Filter>剑指offer\数学题</Filter>
    </ClCompile>
    <ClCompile Include="剑指offer\数学题\64.求1+2+3+...+n.cpp">
      <Filter>剑指offer\数学题</Filter>
    </ClCompile>
    <ClCompile Include="剑指offer\数学题\65.不用加减乘除做加法.cpp">
      <Filter>剑指offer\数学题</Filter>
    </ClCompile>
    <ClCompile Include="剑指offer\数学题\66.构建乘积数组.cpp">
      <Filter>剑指offer\数学题</Filter>
    </ClCompile>
    <ClCompile Include="剑指offer\双指针问题\11旋转数字最小的数字.cpp">
      <Filter>剑指offer\双指针问题</Filter>
    </ClCompile>
    <ClCompile Include="剑指offer\双指针问题\48.最长不含重复字符的子字符串.cpp">
      <Filter>剑指offer\双指针问题</Filter>
    </ClCompile>
    <ClCompile Include="剑指offer\双指针问题\57.2.和为s的两个数.cpp">
      <Filter>剑指offer\双指针问题</Filter>
    </ClCompile>
    <ClCompile Include="剑指offer\双指针问题\57.和为s的连续正数序列.cpp">
      <Filter>剑指offer\双指针问题</Filter>
    </ClCompile>
    <ClCompile Include="剑指offer\数组问题\3.数组中重复的数字.cpp">
      <Filter>剑指offer\数组问题</Filter>
    </ClCompile>
    <ClCompile Include="剑指offer\数组问题\4.二维数组的查找.cpp">
      <Filter>剑指offer\数组问题</Filter>
    </ClCompile>
    <ClCompile Include="剑指offer\数组问题\21.调整数组顺序使奇数位于偶数前面.cpp">
      <Filter>剑指offer\数组问题</Filter>
    </ClCompile>
    <ClCompile Include="剑指offer\数组问题\29.顺时针打印矩阵.cpp">
      <Filter>剑指offer\数组问题</Filter>
    </ClCompile>
    <ClCompile Include="剑指offer\数组问题\39.数组中出现超过一半的数字-hard.cpp">
      <Filter>剑指offer\数组问题</Filter>
    </ClCompile>
    <ClCompile Include="剑指offer\数组问题\45.把数组排成最小的数-hard.cpp">
      <Filter>剑指offer\数组问题</Filter>
    </ClCompile>
    <ClCompile Include="剑指offer\数组问题\51.数组中的逆序对.cpp">
      <Filter>剑指offer\数组问题</Filter>
    </ClCompile>
    <ClCompile Include="剑指offer\数组问题\53.1.数字在排序数组中出现的次数.cpp">
      <Filter>剑指offer\数组问题</Filter>
    </ClCompile>
    <ClCompile Include="剑指offer\数组问题\56.1.数组中只出现1次的数字.cpp">
      <Filter>剑指offer\数组问题</Filter>
    </ClCompile>
    <ClCompile Include="剑指offer\数组问题\56.2.数组中只出现一次的两个数字.cpp">
      <Filter>剑指offer\数组问题</Filter>
    </ClCompile>
    <ClCompile Include="剑指offer\搜索问题\12.矩阵中的路径.cpp">
      <Filter>剑指offer\搜索问题</Filter>
    </ClCompile>
    <ClCompile Include="剑指offer\搜索问题\13.机器人的运动范围.cpp">
      <Filter>剑指offer\搜索问题</Filter>
    </ClCompile>
    <ClCompile Include="剑指offer\贪心\14.剪绳子.cpp">
      <Filter>剑指offer\贪心</Filter>
    </ClCompile>
    <ClCompile Include="剑指offer\字符串\5.替换空格.cpp">
      <Filter>剑指offer\字符串</Filter>
    </ClCompile>
    <ClCompile Include="剑指offer\字符串\20.表示数值的字符串-hard.cpp">
      <Filter>剑指offer\字符串</Filter>
    </ClCompile>
    <ClCompile Include="剑指offer\字符串\38.字符串的排列-hard.cpp">
      <Filter>剑指offer\字符串</Filter>
    </ClCompile>
    <ClCompile Include="剑指offer\字符串\46.把数字翻译成字符串.cpp">
      <Filter>剑指offer\字符串</Filter>
    </ClCompile>
    <ClCompile Include="剑指offer\字符串\50.字符流中第一个不重复的字符.cpp">
      <Filter>剑指offer\字符串</Filter>
    </ClCompile>
    <ClCompile Include="剑指offer\字符串\58.1.翻转单词的顺序.cpp">
      <Filter>剑指offer\字符串</Filter>
    </ClCompile>
    <ClCompile Include="剑指offer\字符串\58.2.左旋转字符串.cpp">
      <Filter>剑指offer\字符串</Filter>
    </ClCompile>
    <ClCompile Include="剑指offer\字符串\67.把字符串转换成整数.cpp">
      <Filter>剑指offer\字符串</Filter>
    </ClCompile>
    <ClCompile Include="剑指offer\链表\6.从尾到头打印链表.cpp">
      <Filter>剑指offer\链表</Filter>
    </ClCompile>
    <ClCompile Include="剑指offer\链表\18.2.删除链表中的重复节点.cpp">
      <Filter>剑指offer\链表</Filter>
    </ClCompile>
    <ClCompile Include="剑指offer\链表\22.链表的倒数第k个节点.cpp">
      <Filter>剑指offer\链表</Filter>
    </ClCompile>
    <ClCompile Include="剑指offer\链表\23.链表中环的入口节点-hard.cpp">
      <Filter>剑指offer\链表</Filter>
    </ClCompile>
    <ClCompile Include="剑指offer\链表\24.反转链表.cpp">
      <Filter>剑指offer\链表</Filter>
    </ClCompile>
    <ClCompile Include="剑指offer\链表\25.合并两个排序的链表.cpp">
      <Filter>剑指offer\链表</Filter>
    </ClCompile>
    <ClCompile Include="剑指offer\链表\35.复杂链表的复制-hard.cpp">
      <Filter>剑指offer\链表</Filter>
    </ClCompile>
    <ClCompile Include="剑指offer\链表\52.两个链表的第一个公共节点.cpp">
      <Filter>剑指offer\链表</Filter>
    </ClCompile>
    <ClCompile Include="剑指offer\链表\62.圆圈中最后剩下的数-环形链表.cpp">
      <Filter>剑指offer\链表</Filter>
    </ClCompile>
    <ClCompile Include="剑指offer\堆排序问题\40.最小的K个数-hard.cpp">
      <Filter>剑指offer\堆排序问题</Filter>
    </ClCompile>
    <ClCompile Include="剑指offer\堆排序问题\41.数据流中的中位数-hard.cpp">
      <Filter>剑指offer\堆排序问题</Filter>
    </ClCompile>
    <ClCompile Include="剑指offer\二叉树\7.重建二叉树.cpp">
      <Filter>剑指offer\二叉树</Filter>
    </ClCompile>
    <ClCompile Include="剑指offer\二叉树\8.二叉树的下一个节点-hard.cpp">
      <Filter>剑指offer\二叉树</Filter>
    </ClCompile>
    <ClCompile Include="剑指offer\二叉树\26.树的子结构.cpp">
      <Filter>剑指offer\二叉树</Filter>
    </ClCompile>
    <ClCompile Include="剑指offer\二叉树\27.二叉树的镜像.cpp">
      <Filter>剑指offer\二叉树</Filter>
    </ClCompile>
    <ClCompile Include="剑指offer\二叉树\28.对称的二叉树.cpp">
      <Filter>剑指offer\二叉树</Filter>
    </ClCompile>
    <ClCompile Include="剑指offer\二叉树\32.2 把二叉树打印成多行.cpp">
      <Filter>剑指offer\二叉树</Filter>
    </ClCompile>
    <ClCompile Include="剑指offer\二叉树\32.3.按之字形打印二叉树-hard.cpp">
      <Filter>剑指offer\二叉树</Filter>
    </ClCompile>
    <ClCompile Include="剑指offer\二叉树\32.从上到下打印二叉树.cpp">
      <Filter>剑指offer\二叉树</Filter>
    </ClCompile>
    <ClCompile Include="剑指offer\二叉树\33.二叉树的后序遍历序列-hard.cpp">
      <Filter>剑指offer\二叉树</Filter>
    </ClCompile>
    <ClCompile Include="剑指offer\二叉树\34.二叉树的和为某一值的路径-hard.cpp">
      <Filter>剑指offer\二叉树</Filter>
    </ClCompile>
    <ClCompile Include="剑指offer\二叉树\36.二叉搜索树与双向链表-hard.cpp">
      <Filter>剑指offer\二叉树</Filter>
    </ClCompile>
    <ClCompile Include="剑指offer\二叉树\37.序列化二叉树.cpp">
      <Filter>剑指offer\二叉树</Filter>
    </ClCompile>
    <ClCompile Include="剑指offer\二叉树\54.二叉搜索树的第k大节点.cpp">
      <Filter>剑指offer\二叉树</Filter>
    </ClCompile>
    <ClCompile Include="剑指offer\二叉树\55.2.判断一颗树是平衡二叉树.cpp">
      <Filter>剑指offer\二叉树</Filter>
    </ClCompile>
    <ClCompile Include="剑指offer\二叉树\55.二叉树的深度.cpp">
      <Filter>剑指offer\二叉树</Filter>
    </ClCompile>
    <ClCompile Include="剑指offer\二叉树\68.两个节点的最低公共祖先.cpp">
      <Filter>剑指offer\二叉树</Filter>
    </ClCompile>
    <ClCompile Include="剑指offer\动态规划\10.1.青蛙跳台阶.cpp">
      <Filter>剑指offer\动态规划</Filter>
    </ClCompile>
    <ClCompile Include="剑指offer\动态规划\10.斐波那契数列.cpp">
      <Filter>剑指offer\动态规划</Filter>
    </ClCompile>
    <ClCompile Include="剑指offer\动态规划\19.正则表达式匹配.cpp">
      <Filter>剑指offer\动态规划</Filter>
    </ClCompile>
    <ClCompile Include="剑指offer\动态规划\42.连续子数组的最大和.cpp">
      <Filter>剑指offer\动态规划</Filter>
    </ClCompile>
    <ClCompile Include="剑指offer\动态规划\47.礼物的最大价值.cpp">
      <Filter>剑指offer\动态规划</Filter>
    </ClCompile>
    <ClCompile Include="剑指offer\动态规划\63.股票的最大利润.cpp">
      <Filter>剑指offer\动态规划</Filter>
    </ClCompile>
    <ClCompile Include="剑指offer\递归\10.3.矩形覆盖.cpp">
      <Filter>剑指offer\递归</Filter>
    </ClCompile>
    <ClCompile Include="剑指offer\递归\43.整数中1出现的次数-hard.cpp">
      <Filter>剑指offer\递归</Filter>
    </ClCompile>
  </ItemGroup>
</Project>